
Microsoft Visual Studio Solution File, Format Version 12.00
# Visual Studio Version 17
VisualStudioVersion = 17.3.32825.248
MinimumVisualStudioVersion = 10.0.40219.1
Project("{FAE04EC0-301F-11D3-BF4B-00C04F79EFBC}") = "SnakeWPF", "SnakeWPF\SnakeWPF.csproj", "{9BBCE0C6-E318-4684-A111-351364D4B27F}"
EndProject
Global
	GlobalSection(SolutionConfigurationPlatforms) = preSolution
		Debug|Any CPU = Debug|Any CPU
		Release|Any CPU = Release|Any CPU
	EndGlobalSection
	GlobalSection(ProjectConfigurationPlatforms) = postSolution
		{9BBCE0C6-E318-4684-A111-351364D4B27F}.Debug|Any CPU.ActiveCfg = Debug|Any CPU
		{9BBCE0C6-E318-4684-A111-351364D4B27F}.Debug|Any CPU.Build.0 = Debug|Any CPU
		{9BBCE0C6-E318-4684-A111-351364D4B27F}.Release|Any CPU.ActiveCfg = Release|Any CPU
		{9BBCE0C6-E318-4684-A111-351364D4B27F}.Release|Any CPU.Build.0 = Release|Any CPU
	EndGlobalSection
	GlobalSection(SolutionProperties) = preSolution
		HideSolutionNode = FALSE
	EndGlobalSection
	GlobalSection(ExtensibilityGlobals) = postSolution
		SolutionGuid = {F89BFFB0-ED7C-419F-9E85-899574BF4F45}
	EndGlobalSection
EndGlobal
